// !$*UTF8*$!
{
	archiveVersion = 1;
	classes = {
	};
	objectVersion = 56;
	objects = {

/* Begin PBXBuildFile section */
		C70540492965A67800D04737 /* StockDataModel.xcdatamodeld in Sources */ = {isa = PBXBuildFile; fileRef = C70540472965A67800D04737 /* StockDataModel.xcdatamodeld */; };
		C705404B2965A76E00D04737 /* PersistenceController.swift in Sources */ = {isa = PBXBuildFile; fileRef = C705404A2965A76E00D04737 /* PersistenceController.swift */; };
		C705404D2965A88700D04737 /* Unwrap.swift in Sources */ = {isa = PBXBuildFile; fileRef = C705404C2965A88700D04737 /* Unwrap.swift */; };
		C70540512965C4F300D04737 /* StockSearch.swift in Sources */ = {isa = PBXBuildFile; fileRef = C70540502965C4F300D04737 /* StockSearch.swift */; };
		C70540542965E02700D04737 /* Array+Ext.swift in Sources */ = {isa = PBXBuildFile; fileRef = C70540532965E02700D04737 /* Array+Ext.swift */; };
		C70540572965E1B600D04737 /* StocksRepositoryTests.swift in Sources */ = {isa = PBXBuildFile; fileRef = C70540562965E1B600D04737 /* StocksRepositoryTests.swift */; };
		C70540592965E6B100D04737 /* WatchlistInteractorTests.swift in Sources */ = {isa = PBXBuildFile; fileRef = C70540582965E6B100D04737 /* WatchlistInteractorTests.swift */; };
		C705405B2965ED9F00D04737 /* MockStocksRepository.swift in Sources */ = {isa = PBXBuildFile; fileRef = C705405A2965ED9F00D04737 /* MockStocksRepository.swift */; };
		C77600032960812400E2ABD9 /* WatchlistInteractor.swift in Sources */ = {isa = PBXBuildFile; fileRef = C77600022960812400E2ABD9 /* WatchlistInteractor.swift */; };
		C77600052960813300E2ABD9 /* WatchlistView.swift in Sources */ = {isa = PBXBuildFile; fileRef = C77600042960813300E2ABD9 /* WatchlistView.swift */; };
		C776000A2960823C00E2ABD9 /* Error.swift in Sources */ = {isa = PBXBuildFile; fileRef = C77600092960823C00E2ABD9 /* Error.swift */; };
		C776000C2960829D00E2ABD9 /* APIClient.Stock.swift in Sources */ = {isa = PBXBuildFile; fileRef = C776000B2960829D00E2ABD9 /* APIClient.Stock.swift */; };
		C776000E296082B200E2ABD9 /* APIClient.Price.swift in Sources */ = {isa = PBXBuildFile; fileRef = C776000D296082B200E2ABD9 /* APIClient.Price.swift */; };
		C7760010296082DB00E2ABD9 /* APIClient.swift in Sources */ = {isa = PBXBuildFile; fileRef = C776000F296082DB00E2ABD9 /* APIClient.swift */; };
		C776001229608C6000E2ABD9 /* HTTPCode.swift in Sources */ = {isa = PBXBuildFile; fileRef = C776001129608C6000E2ABD9 /* HTTPCode.swift */; };
		C776001429608D4C00E2ABD9 /* HTTPMethod.swift in Sources */ = {isa = PBXBuildFile; fileRef = C776001329608D4C00E2ABD9 /* HTTPMethod.swift */; };
		C776001629608D6600E2ABD9 /* HTTPSession.swift in Sources */ = {isa = PBXBuildFile; fileRef = C776001529608D6600E2ABD9 /* HTTPSession.swift */; };
		C776001829608D9500E2ABD9 /* HTTPRequest.swift in Sources */ = {isa = PBXBuildFile; fileRef = C776001729608D9500E2ABD9 /* HTTPRequest.swift */; };
		C776001A2960958300E2ABD9 /* FetchStockQuoteRequest.swift in Sources */ = {isa = PBXBuildFile; fileRef = C77600192960958300E2ABD9 /* FetchStockQuoteRequest.swift */; };
		C776001C2960974200E2ABD9 /* Provider.swift in Sources */ = {isa = PBXBuildFile; fileRef = C776001B2960974200E2ABD9 /* Provider.swift */; };
		C776001E2960981B00E2ABD9 /* APIClientRequestable.swift in Sources */ = {isa = PBXBuildFile; fileRef = C776001D2960981B00E2ABD9 /* APIClientRequestable.swift */; };
		C776002F29609A9200E2ABD9 /* MockHTTPSession.swift in Sources */ = {isa = PBXBuildFile; fileRef = C776002D29609A5B00E2ABD9 /* MockHTTPSession.swift */; };
		C776003229609CD900E2ABD9 /* FetchStockQuoteRequestTests.swift in Sources */ = {isa = PBXBuildFile; fileRef = C776003129609CD900E2ABD9 /* FetchStockQuoteRequestTests.swift */; };
		C776003729609E3400E2ABD9 /* DummyProvider.swift in Sources */ = {isa = PBXBuildFile; fileRef = C776003629609E3400E2ABD9 /* DummyProvider.swift */; };
		C77600392960A1C900E2ABD9 /* FetchStockQuoteRequest.json in Resources */ = {isa = PBXBuildFile; fileRef = C776003429609DAD00E2ABD9 /* FetchStockQuoteRequest.json */; };
		C776FFF029607F4A00E2ABD9 /* StocksListApp.swift in Sources */ = {isa = PBXBuildFile; fileRef = C776FFEF29607F4A00E2ABD9 /* StocksListApp.swift */; };
		C776FFF429607F4C00E2ABD9 /* Assets.xcassets in Resources */ = {isa = PBXBuildFile; fileRef = C776FFF329607F4C00E2ABD9 /* Assets.xcassets */; };
		C776FFF729607F4C00E2ABD9 /* Preview Assets.xcassets in Resources */ = {isa = PBXBuildFile; fileRef = C776FFF629607F4C00E2ABD9 /* Preview Assets.xcassets */; };
		C78CB3CD29647493000F03E0 /* Localizable.strings in Resources */ = {isa = PBXBuildFile; fileRef = C78CB3CC29647493000F03E0 /* Localizable.strings */; };
		C78CB3CF2964774C000F03E0 /* StocksRepository.swift in Sources */ = {isa = PBXBuildFile; fileRef = C78CB3CE2964774C000F03E0 /* StocksRepository.swift */; };
		C78CB3D1296477CC000F03E0 /* Stock.swift in Sources */ = {isa = PBXBuildFile; fileRef = C78CB3D0296477CC000F03E0 /* Stock.swift */; };
		C78CB3D3296477D8000F03E0 /* Price.swift in Sources */ = {isa = PBXBuildFile; fileRef = C78CB3D2296477D8000F03E0 /* Price.swift */; };
		C78CB3D729648428000F03E0 /* FavouredStocksRepository.swift in Sources */ = {isa = PBXBuildFile; fileRef = C78CB3D629648428000F03E0 /* FavouredStocksRepository.swift */; };
		C78CB3D92964877F000F03E0 /* WatchlistViewModel.swift in Sources */ = {isa = PBXBuildFile; fileRef = C78CB3D82964877F000F03E0 /* WatchlistViewModel.swift */; };
		C78CB3DF2964B207000F03E0 /* MockFavouredStocksRepository.swift in Sources */ = {isa = PBXBuildFile; fileRef = C78CB3DD2964B1FC000F03E0 /* MockFavouredStocksRepository.swift */; };
		C78CB3E12964B340000F03E0 /* Domain+Fixture.swift in Sources */ = {isa = PBXBuildFile; fileRef = C78CB3E02964B340000F03E0 /* Domain+Fixture.swift */; };
		C78CB3E32964B4B9000F03E0 /* MockAPIClient.swift in Sources */ = {isa = PBXBuildFile; fileRef = C78CB3E22964B4B9000F03E0 /* MockAPIClient.swift */; };
		C78CB3E62964DBE9000F03E0 /* StockCell.swift in Sources */ = {isa = PBXBuildFile; fileRef = C78CB3E52964DBE9000F03E0 /* StockCell.swift */; };
		C78CB3E82964DE41000F03E0 /* StockSearchCell.swift in Sources */ = {isa = PBXBuildFile; fileRef = C78CB3E72964DE41000F03E0 /* StockSearchCell.swift */; };
		C793F2B929662A20006CBA9C /* CoreDataContextProviding.swift in Sources */ = {isa = PBXBuildFile; fileRef = C793F2B829662A20006CBA9C /* CoreDataContextProviding.swift */; };
		C793F2BB29662BDC006CBA9C /* FavouredStocksRepositoryTests.swift in Sources */ = {isa = PBXBuildFile; fileRef = C793F2BA29662BDC006CBA9C /* FavouredStocksRepositoryTests.swift */; };
		C7A59915296237F0009260BF /* FetchStockRequest.swift in Sources */ = {isa = PBXBuildFile; fileRef = C7A59914296237F0009260BF /* FetchStockRequest.swift */; };
		C7A5991829623868009260BF /* FetchStockRequestTests.swift in Sources */ = {isa = PBXBuildFile; fileRef = C7A599162962383D009260BF /* FetchStockRequestTests.swift */; };
		C7A5991A2962388C009260BF /* FetchStockRequest.json in Resources */ = {isa = PBXBuildFile; fileRef = C7A599192962388C009260BF /* FetchStockRequest.json */; };
/* End PBXBuildFile section */

/* Begin PBXContainerItemProxy section */
		C776002829609A4F00E2ABD9 /* PBXContainerItemProxy */ = {
			isa = PBXContainerItemProxy;
			containerPortal = C776FFE429607F4A00E2ABD9 /* Project object */;
			proxyType = 1;
			remoteGlobalIDString = C776FFEB29607F4A00E2ABD9;
			remoteInfo = StocksList;
		};
/* End PBXContainerItemProxy section */

/* Begin PBXFileReference section */
		C70540482965A67800D04737 /* StockDataModel.xcdatamodel */ = {isa = PBXFileReference; lastKnownFileType = wrapper.xcdatamodel; path = StockDataModel.xcdatamodel; sourceTree = "<group>"; };
		C705404A2965A76E00D04737 /* PersistenceController.swift */ = {isa = PBXFileReference; lastKnownFileType = sourcecode.swift; path = PersistenceController.swift; sourceTree = "<group>"; };
		C705404C2965A88700D04737 /* Unwrap.swift */ = {isa = PBXFileReference; lastKnownFileType = sourcecode.swift; path = Unwrap.swift; sourceTree = "<group>"; };
		C705404F2965B10100D04737 /* Info.plist */ = {isa = PBXFileReference; lastKnownFileType = text.plist.xml; path = Info.plist; sourceTree = "<group>"; };
		C70540502965C4F300D04737 /* StockSearch.swift */ = {isa = PBXFileReference; lastKnownFileType = sourcecode.swift; path = StockSearch.swift; sourceTree = "<group>"; };
		C70540532965E02700D04737 /* Array+Ext.swift */ = {isa = PBXFileReference; lastKnownFileType = sourcecode.swift; path = "Array+Ext.swift"; sourceTree = "<group>"; };
		C70540562965E1B600D04737 /* StocksRepositoryTests.swift */ = {isa = PBXFileReference; lastKnownFileType = sourcecode.swift; path = StocksRepositoryTests.swift; sourceTree = "<group>"; };
		C70540582965E6B100D04737 /* WatchlistInteractorTests.swift */ = {isa = PBXFileReference; lastKnownFileType = sourcecode.swift; path = WatchlistInteractorTests.swift; sourceTree = "<group>"; };
		C705405A2965ED9F00D04737 /* MockStocksRepository.swift */ = {isa = PBXFileReference; lastKnownFileType = sourcecode.swift; path = MockStocksRepository.swift; sourceTree = "<group>"; };
		C77600022960812400E2ABD9 /* WatchlistInteractor.swift */ = {isa = PBXFileReference; lastKnownFileType = sourcecode.swift; path = WatchlistInteractor.swift; sourceTree = "<group>"; };
		C77600042960813300E2ABD9 /* WatchlistView.swift */ = {isa = PBXFileReference; lastKnownFileType = sourcecode.swift; path = WatchlistView.swift; sourceTree = "<group>"; };
		C77600092960823C00E2ABD9 /* Error.swift */ = {isa = PBXFileReference; lastKnownFileType = sourcecode.swift; path = Error.swift; sourceTree = "<group>"; };
		C776000B2960829D00E2ABD9 /* APIClient.Stock.swift */ = {isa = PBXFileReference; lastKnownFileType = sourcecode.swift; path = APIClient.Stock.swift; sourceTree = "<group>"; };
		C776000D296082B200E2ABD9 /* APIClient.Price.swift */ = {isa = PBXFileReference; lastKnownFileType = sourcecode.swift; path = APIClient.Price.swift; sourceTree = "<group>"; };
		C776000F296082DB00E2ABD9 /* APIClient.swift */ = {isa = PBXFileReference; lastKnownFileType = sourcecode.swift; path = APIClient.swift; sourceTree = "<group>"; };
		C776001129608C6000E2ABD9 /* HTTPCode.swift */ = {isa = PBXFileReference; lastKnownFileType = sourcecode.swift; path = HTTPCode.swift; sourceTree = "<group>"; };
		C776001329608D4C00E2ABD9 /* HTTPMethod.swift */ = {isa = PBXFileReference; lastKnownFileType = sourcecode.swift; path = HTTPMethod.swift; sourceTree = "<group>"; };
		C776001529608D6600E2ABD9 /* HTTPSession.swift */ = {isa = PBXFileReference; lastKnownFileType = sourcecode.swift; path = HTTPSession.swift; sourceTree = "<group>"; };
		C776001729608D9500E2ABD9 /* HTTPRequest.swift */ = {isa = PBXFileReference; lastKnownFileType = sourcecode.swift; path = HTTPRequest.swift; sourceTree = "<group>"; };
		C77600192960958300E2ABD9 /* FetchStockQuoteRequest.swift */ = {isa = PBXFileReference; lastKnownFileType = sourcecode.swift; path = FetchStockQuoteRequest.swift; sourceTree = "<group>"; };
		C776001B2960974200E2ABD9 /* Provider.swift */ = {isa = PBXFileReference; lastKnownFileType = sourcecode.swift; path = Provider.swift; sourceTree = "<group>"; };
		C776001D2960981B00E2ABD9 /* APIClientRequestable.swift */ = {isa = PBXFileReference; lastKnownFileType = sourcecode.swift; path = APIClientRequestable.swift; sourceTree = "<group>"; };
		C776002429609A4F00E2ABD9 /* StocksListTests.xctest */ = {isa = PBXFileReference; explicitFileType = wrapper.cfbundle; includeInIndex = 0; path = StocksListTests.xctest; sourceTree = BUILT_PRODUCTS_DIR; };
		C776002D29609A5B00E2ABD9 /* MockHTTPSession.swift */ = {isa = PBXFileReference; lastKnownFileType = sourcecode.swift; path = MockHTTPSession.swift; sourceTree = "<group>"; };
		C776003129609CD900E2ABD9 /* FetchStockQuoteRequestTests.swift */ = {isa = PBXFileReference; lastKnownFileType = sourcecode.swift; path = FetchStockQuoteRequestTests.swift; sourceTree = "<group>"; };
		C776003429609DAD00E2ABD9 /* FetchStockQuoteRequest.json */ = {isa = PBXFileReference; fileEncoding = 4; lastKnownFileType = text.json; path = FetchStockQuoteRequest.json; sourceTree = "<group>"; };
		C776003629609E3400E2ABD9 /* DummyProvider.swift */ = {isa = PBXFileReference; lastKnownFileType = sourcecode.swift; path = DummyProvider.swift; sourceTree = "<group>"; };
		C776FFEC29607F4A00E2ABD9 /* StocksList.app */ = {isa = PBXFileReference; explicitFileType = wrapper.application; includeInIndex = 0; path = StocksList.app; sourceTree = BUILT_PRODUCTS_DIR; };
		C776FFEF29607F4A00E2ABD9 /* StocksListApp.swift */ = {isa = PBXFileReference; lastKnownFileType = sourcecode.swift; path = StocksListApp.swift; sourceTree = "<group>"; };
		C776FFF329607F4C00E2ABD9 /* Assets.xcassets */ = {isa = PBXFileReference; lastKnownFileType = folder.assetcatalog; path = Assets.xcassets; sourceTree = "<group>"; };
		C776FFF629607F4C00E2ABD9 /* Preview Assets.xcassets */ = {isa = PBXFileReference; lastKnownFileType = folder.assetcatalog; path = "Preview Assets.xcassets"; sourceTree = "<group>"; };
		C78CB3CC29647493000F03E0 /* Localizable.strings */ = {isa = PBXFileReference; lastKnownFileType = text.plist.strings; path = Localizable.strings; sourceTree = "<group>"; };
		C78CB3CE2964774C000F03E0 /* StocksRepository.swift */ = {isa = PBXFileReference; lastKnownFileType = sourcecode.swift; path = StocksRepository.swift; sourceTree = "<group>"; };
		C78CB3D0296477CC000F03E0 /* Stock.swift */ = {isa = PBXFileReference; lastKnownFileType = sourcecode.swift; path = Stock.swift; sourceTree = "<group>"; };
		C78CB3D2296477D8000F03E0 /* Price.swift */ = {isa = PBXFileReference; lastKnownFileType = sourcecode.swift; path = Price.swift; sourceTree = "<group>"; };
		C78CB3D629648428000F03E0 /* FavouredStocksRepository.swift */ = {isa = PBXFileReference; lastKnownFileType = sourcecode.swift; path = FavouredStocksRepository.swift; sourceTree = "<group>"; };
		C78CB3D82964877F000F03E0 /* WatchlistViewModel.swift */ = {isa = PBXFileReference; lastKnownFileType = sourcecode.swift; path = WatchlistViewModel.swift; sourceTree = "<group>"; };
		C78CB3DD2964B1FC000F03E0 /* MockFavouredStocksRepository.swift */ = {isa = PBXFileReference; lastKnownFileType = sourcecode.swift; path = MockFavouredStocksRepository.swift; sourceTree = "<group>"; };
		C78CB3E02964B340000F03E0 /* Domain+Fixture.swift */ = {isa = PBXFileReference; lastKnownFileType = sourcecode.swift; path = "Domain+Fixture.swift"; sourceTree = "<group>"; };
		C78CB3E22964B4B9000F03E0 /* MockAPIClient.swift */ = {isa = PBXFileReference; lastKnownFileType = sourcecode.swift; path = MockAPIClient.swift; sourceTree = "<group>"; };
		C78CB3E52964DBE9000F03E0 /* StockCell.swift */ = {isa = PBXFileReference; lastKnownFileType = sourcecode.swift; path = StockCell.swift; sourceTree = "<group>"; };
		C78CB3E72964DE41000F03E0 /* StockSearchCell.swift */ = {isa = PBXFileReference; lastKnownFileType = sourcecode.swift; path = StockSearchCell.swift; sourceTree = "<group>"; };
		C793F2B829662A20006CBA9C /* CoreDataContextProviding.swift */ = {isa = PBXFileReference; lastKnownFileType = sourcecode.swift; path = CoreDataContextProviding.swift; sourceTree = "<group>"; };
		C793F2BA29662BDC006CBA9C /* FavouredStocksRepositoryTests.swift */ = {isa = PBXFileReference; lastKnownFileType = sourcecode.swift; path = FavouredStocksRepositoryTests.swift; sourceTree = "<group>"; };
		C793F2BC29663417006CBA9C /* README.md */ = {isa = PBXFileReference; lastKnownFileType = net.daringfireball.markdown; path = README.md; sourceTree = "<group>"; };
		C7A59914296237F0009260BF /* FetchStockRequest.swift */ = {isa = PBXFileReference; lastKnownFileType = sourcecode.swift; path = FetchStockRequest.swift; sourceTree = "<group>"; };
		C7A599162962383D009260BF /* FetchStockRequestTests.swift */ = {isa = PBXFileReference; lastKnownFileType = sourcecode.swift; path = FetchStockRequestTests.swift; sourceTree = "<group>"; };
		C7A599192962388C009260BF /* FetchStockRequest.json */ = {isa = PBXFileReference; fileEncoding = 4; lastKnownFileType = text.json; path = FetchStockRequest.json; sourceTree = "<group>"; };
/* End PBXFileReference section */

/* Begin PBXFrameworksBuildPhase section */
		C776002129609A4F00E2ABD9 /* Frameworks */ = {
			isa = PBXFrameworksBuildPhase;
			buildActionMask = 2147483647;
			files = (
			);
			runOnlyForDeploymentPostprocessing = 0;
		};
		C776FFE929607F4A00E2ABD9 /* Frameworks */ = {
			isa = PBXFrameworksBuildPhase;
			buildActionMask = 2147483647;
			files = (
			);
			runOnlyForDeploymentPostprocessing = 0;
		};
/* End PBXFrameworksBuildPhase section */

/* Begin PBXGroup section */
		C70540462965A63E00D04737 /* CoreData */ = {
			isa = PBXGroup;
			children = (
				C70540472965A67800D04737 /* StockDataModel.xcdatamodeld */,
				C705404A2965A76E00D04737 /* PersistenceController.swift */,
				C793F2B829662A20006CBA9C /* CoreDataContextProviding.swift */,
			);
			path = CoreData;
			sourceTree = "<group>";
		};
		C70540522965E01200D04737 /* Utilities */ = {
			isa = PBXGroup;
			children = (
				C70540532965E02700D04737 /* Array+Ext.swift */,
			);
			path = Utilities;
			sourceTree = "<group>";
		};
		C70540552965E19E00D04737 /* Mocks */ = {
			isa = PBXGroup;
			children = (
				C705405A2965ED9F00D04737 /* MockStocksRepository.swift */,
				C78CB3DD2964B1FC000F03E0 /* MockFavouredStocksRepository.swift */,
			);
			path = Mocks;
			sourceTree = "<group>";
		};
		C7760000296080EE00E2ABD9 /* Presentation */ = {
			isa = PBXGroup;
			children = (
				C70540522965E01200D04737 /* Utilities */,
				C78CB3E42964DBDB000F03E0 /* Views */,
				C7760001296080FE00E2ABD9 /* Watchlist */,
			);
			path = Presentation;
			sourceTree = "<group>";
		};
		C7760001296080FE00E2ABD9 /* Watchlist */ = {
			isa = PBXGroup;
			children = (
				C77600042960813300E2ABD9 /* WatchlistView.swift */,
				C78CB3D82964877F000F03E0 /* WatchlistViewModel.swift */,
			);
			path = Watchlist;
			sourceTree = "<group>";
		};
		C7760006296081A800E2ABD9 /* Requests */ = {
			isa = PBXGroup;
			children = (
				C77600192960958300E2ABD9 /* FetchStockQuoteRequest.swift */,
				C7A59914296237F0009260BF /* FetchStockRequest.swift */,
			);
			path = Requests;
			sourceTree = "<group>";
		};
		C7760007296081B200E2ABD9 /* Models */ = {
			isa = PBXGroup;
			children = (
				C776000B2960829D00E2ABD9 /* APIClient.Stock.swift */,
				C776000D296082B200E2ABD9 /* APIClient.Price.swift */,
			);
			path = Models;
			sourceTree = "<group>";
		};
		C7760008296081D300E2ABD9 /* Core */ = {
			isa = PBXGroup;
			children = (
				C776001B2960974200E2ABD9 /* Provider.swift */,
				C77600092960823C00E2ABD9 /* Error.swift */,
				C776001129608C6000E2ABD9 /* HTTPCode.swift */,
				C776001329608D4C00E2ABD9 /* HTTPMethod.swift */,
				C776001529608D6600E2ABD9 /* HTTPSession.swift */,
				C776001729608D9500E2ABD9 /* HTTPRequest.swift */,
				C776001D2960981B00E2ABD9 /* APIClientRequestable.swift */,
			);
			path = Core;
			sourceTree = "<group>";
		};
		C776001F29609A1B00E2ABD9 /* Tests */ = {
			isa = PBXGroup;
			children = (
				C776003329609D8800E2ABD9 /* Json */,
				C776003029609CAB00E2ABD9 /* Mocks */,
				C776003129609CD900E2ABD9 /* FetchStockQuoteRequestTests.swift */,
				C7A599162962383D009260BF /* FetchStockRequestTests.swift */,
			);
			path = Tests;
			sourceTree = "<group>";
		};
		C776003029609CAB00E2ABD9 /* Mocks */ = {
			isa = PBXGroup;
			children = (
				C776002D29609A5B00E2ABD9 /* MockHTTPSession.swift */,
				C78CB3E22964B4B9000F03E0 /* MockAPIClient.swift */,
				C776003629609E3400E2ABD9 /* DummyProvider.swift */,
			);
			path = Mocks;
			sourceTree = "<group>";
		};
		C776003329609D8800E2ABD9 /* Json */ = {
			isa = PBXGroup;
			children = (
				C7A599192962388C009260BF /* FetchStockRequest.json */,
				C776003429609DAD00E2ABD9 /* FetchStockQuoteRequest.json */,
			);
			path = Json;
			sourceTree = "<group>";
		};
		C776003A2960A4EF00E2ABD9 /* Resources */ = {
			isa = PBXGroup;
			children = (
				C776FFF329607F4C00E2ABD9 /* Assets.xcassets */,
				C78CB3CC29647493000F03E0 /* Localizable.strings */,
				C705404F2965B10100D04737 /* Info.plist */,
			);
			path = Resources;
			sourceTree = "<group>";
		};
		C776FFE329607F4A00E2ABD9 = {
			isa = PBXGroup;
			children = (
				C793F2BC29663417006CBA9C /* README.md */,
				C776FFEE29607F4A00E2ABD9 /* StocksList */,
				C776FFED29607F4A00E2ABD9 /* Products */,
			);
			sourceTree = "<group>";
		};
		C776FFED29607F4A00E2ABD9 /* Products */ = {
			isa = PBXGroup;
			children = (
				C776FFEC29607F4A00E2ABD9 /* StocksList.app */,
				C776002429609A4F00E2ABD9 /* StocksListTests.xctest */,
			);
			name = Products;
			sourceTree = "<group>";
		};
		C776FFEE29607F4A00E2ABD9 /* StocksList */ = {
			isa = PBXGroup;
			children = (
				C776FFFF296080D700E2ABD9 /* APIClient */,
				C776FFFD296080B500E2ABD9 /* Data */,
				C776FFFE296080C100E2ABD9 /* Domain */,
				C7760000296080EE00E2ABD9 /* Presentation */,
				C776003A2960A4EF00E2ABD9 /* Resources */,
				C776FFEF29607F4A00E2ABD9 /* StocksListApp.swift */,
				C776FFF529607F4C00E2ABD9 /* Preview Content */,
			);
			path = StocksList;
			sourceTree = "<group>";
		};
		C776FFF529607F4C00E2ABD9 /* Preview Content */ = {
			isa = PBXGroup;
			children = (
				C776FFF629607F4C00E2ABD9 /* Preview Assets.xcassets */,
			);
			path = "Preview Content";
			sourceTree = "<group>";
		};
		C776FFFD296080B500E2ABD9 /* Data */ = {
			isa = PBXGroup;
			children = (
				C78CB3DA2964B17B000F03E0 /* Tests */,
				C78CB3CB2964747A000F03E0 /* Repositories */,
				C70540462965A63E00D04737 /* CoreData */,
				C77600022960812400E2ABD9 /* WatchlistInteractor.swift */,
			);
			path = Data;
			sourceTree = "<group>";
		};
		C776FFFE296080C100E2ABD9 /* Domain */ = {
			isa = PBXGroup;
			children = (
				C78CB3E02964B340000F03E0 /* Domain+Fixture.swift */,
				C78CB3D0296477CC000F03E0 /* Stock.swift */,
				C70540502965C4F300D04737 /* StockSearch.swift */,
				C78CB3D2296477D8000F03E0 /* Price.swift */,
			);
			path = Domain;
			sourceTree = "<group>";
		};
		C776FFFF296080D700E2ABD9 /* APIClient */ = {
			isa = PBXGroup;
			children = (
				C776001F29609A1B00E2ABD9 /* Tests */,
				C7760008296081D300E2ABD9 /* Core */,
				C7760007296081B200E2ABD9 /* Models */,
				C7760006296081A800E2ABD9 /* Requests */,
				C776000F296082DB00E2ABD9 /* APIClient.swift */,
			);
			path = APIClient;
			sourceTree = "<group>";
		};
		C78CB3CB2964747A000F03E0 /* Repositories */ = {
			isa = PBXGroup;
			children = (
				C78CB3CE2964774C000F03E0 /* StocksRepository.swift */,
				C78CB3D629648428000F03E0 /* FavouredStocksRepository.swift */,
			);
			path = Repositories;
			sourceTree = "<group>";
		};
		C78CB3DA2964B17B000F03E0 /* Tests */ = {
			isa = PBXGroup;
			children = (
				C70540552965E19E00D04737 /* Mocks */,
				C70540562965E1B600D04737 /* StocksRepositoryTests.swift */,
				C793F2BA29662BDC006CBA9C /* FavouredStocksRepositoryTests.swift */,
				C70540582965E6B100D04737 /* WatchlistInteractorTests.swift */,
			);
			path = Tests;
			sourceTree = "<group>";
		};
		C78CB3E42964DBDB000F03E0 /* Views */ = {
			isa = PBXGroup;
			children = (
				C705404C2965A88700D04737 /* Unwrap.swift */,
				C78CB3E52964DBE9000F03E0 /* StockCell.swift */,
				C78CB3E72964DE41000F03E0 /* StockSearchCell.swift */,
			);
			path = Views;
			sourceTree = "<group>";
		};
/* End PBXGroup section */

/* Begin PBXNativeTarget section */
		C776002329609A4F00E2ABD9 /* StocksListTests */ = {
			isa = PBXNativeTarget;
			buildConfigurationList = C776002A29609A4F00E2ABD9 /* Build configuration list for PBXNativeTarget "StocksListTests" */;
			buildPhases = (
				C776002029609A4F00E2ABD9 /* Sources */,
				C776002129609A4F00E2ABD9 /* Frameworks */,
				C776002229609A4F00E2ABD9 /* Resources */,
			);
			buildRules = (
			);
			dependencies = (
				C776002929609A4F00E2ABD9 /* PBXTargetDependency */,
			);
			name = StocksListTests;
			productName = StocksListTests;
			productReference = C776002429609A4F00E2ABD9 /* StocksListTests.xctest */;
			productType = "com.apple.product-type.bundle.unit-test";
		};
		C776FFEB29607F4A00E2ABD9 /* StocksList */ = {
			isa = PBXNativeTarget;
			buildConfigurationList = C776FFFA29607F4C00E2ABD9 /* Build configuration list for PBXNativeTarget "StocksList" */;
			buildPhases = (
				C776FFE829607F4A00E2ABD9 /* Sources */,
				C776FFE929607F4A00E2ABD9 /* Frameworks */,
				C776FFEA29607F4A00E2ABD9 /* Resources */,
			);
			buildRules = (
			);
			dependencies = (
			);
			name = StocksList;
			productName = StocksList;
			productReference = C776FFEC29607F4A00E2ABD9 /* StocksList.app */;
			productType = "com.apple.product-type.application";
		};
/* End PBXNativeTarget section */

/* Begin PBXProject section */
		C776FFE429607F4A00E2ABD9 /* Project object */ = {
			isa = PBXProject;
			attributes = {
				BuildIndependentTargetsInParallel = 1;
				LastSwiftUpdateCheck = 1420;
				LastUpgradeCheck = 1420;
				TargetAttributes = {
					C776002329609A4F00E2ABD9 = {
						CreatedOnToolsVersion = 14.2;
						TestTargetID = C776FFEB29607F4A00E2ABD9;
					};
					C776FFEB29607F4A00E2ABD9 = {
						CreatedOnToolsVersion = 14.2;
					};
				};
			};
			buildConfigurationList = C776FFE729607F4A00E2ABD9 /* Build configuration list for PBXProject "StocksList" */;
			compatibilityVersion = "Xcode 14.0";
			developmentRegion = en;
			hasScannedForEncodings = 0;
			knownRegions = (
				en,
				Base,
			);
			mainGroup = C776FFE329607F4A00E2ABD9;
			productRefGroup = C776FFED29607F4A00E2ABD9 /* Products */;
			projectDirPath = "";
			projectRoot = "";
			targets = (
				C776FFEB29607F4A00E2ABD9 /* StocksList */,
				C776002329609A4F00E2ABD9 /* StocksListTests */,
			);
		};
/* End PBXProject section */

/* Begin PBXResourcesBuildPhase section */
		C776002229609A4F00E2ABD9 /* Resources */ = {
			isa = PBXResourcesBuildPhase;
			buildActionMask = 2147483647;
			files = (
			);
			runOnlyForDeploymentPostprocessing = 0;
		};
		C776FFEA29607F4A00E2ABD9 /* Resources */ = {
			isa = PBXResourcesBuildPhase;
			buildActionMask = 2147483647;
			files = (
				C78CB3CD29647493000F03E0 /* Localizable.strings in Resources */,
				C77600392960A1C900E2ABD9 /* FetchStockQuoteRequest.json in Resources */,
				C7A5991A2962388C009260BF /* FetchStockRequest.json in Resources */,
				C776FFF729607F4C00E2ABD9 /* Preview Assets.xcassets in Resources */,
				C776FFF429607F4C00E2ABD9 /* Assets.xcassets in Resources */,
			);
			runOnlyForDeploymentPostprocessing = 0;
		};
/* End PBXResourcesBuildPhase section */

/* Begin PBXSourcesBuildPhase section */
		C776002029609A4F00E2ABD9 /* Sources */ = {
			isa = PBXSourcesBuildPhase;
			buildActionMask = 2147483647;
			files = (
				C776002F29609A9200E2ABD9 /* MockHTTPSession.swift in Sources */,
				C78CB3E32964B4B9000F03E0 /* MockAPIClient.swift in Sources */,
				C78CB3DF2964B207000F03E0 /* MockFavouredStocksRepository.swift in Sources */,
				C776003729609E3400E2ABD9 /* DummyProvider.swift in Sources */,
				C705405B2965ED9F00D04737 /* MockStocksRepository.swift in Sources */,
				C776003229609CD900E2ABD9 /* FetchStockQuoteRequestTests.swift in Sources */,
				C793F2BB29662BDC006CBA9C /* FavouredStocksRepositoryTests.swift in Sources */,
				C70540572965E1B600D04737 /* StocksRepositoryTests.swift in Sources */,
				C70540592965E6B100D04737 /* WatchlistInteractorTests.swift in Sources */,
				C7A5991829623868009260BF /* FetchStockRequestTests.swift in Sources */,
			);
			runOnlyForDeploymentPostprocessing = 0;
		};
		C776FFE829607F4A00E2ABD9 /* Sources */ = {
			isa = PBXSourcesBuildPhase;
			buildActionMask = 2147483647;
			files = (
				C78CB3E12964B340000F03E0 /* Domain+Fixture.swift in Sources */,
				C78CB3D3296477D8000F03E0 /* Price.swift in Sources */,
				C70540492965A67800D04737 /* StockDataModel.xcdatamodeld in Sources */,
				C776001629608D6600E2ABD9 /* HTTPSession.swift in Sources */,
				C78CB3D92964877F000F03E0 /* WatchlistViewModel.swift in Sources */,
				C78CB3E62964DBE9000F03E0 /* StockCell.swift in Sources */,
				C77600052960813300E2ABD9 /* WatchlistView.swift in Sources */,
				C776001E2960981B00E2ABD9 /* APIClientRequestable.swift in Sources */,
				C776001C2960974200E2ABD9 /* Provider.swift in Sources */,
				C776001229608C6000E2ABD9 /* HTTPCode.swift in Sources */,
				C776000E296082B200E2ABD9 /* APIClient.Price.swift in Sources */,
				C776001A2960958300E2ABD9 /* FetchStockQuoteRequest.swift in Sources */,
				C78CB3D729648428000F03E0 /* FavouredStocksRepository.swift in Sources */,
				C78CB3D1296477CC000F03E0 /* Stock.swift in Sources */,
				C705404D2965A88700D04737 /* Unwrap.swift in Sources */,
				C70540512965C4F300D04737 /* StockSearch.swift in Sources */,
				C7760010296082DB00E2ABD9 /* APIClient.swift in Sources */,
				C7A59915296237F0009260BF /* FetchStockRequest.swift in Sources */,
				C776000C2960829D00E2ABD9 /* APIClient.Stock.swift in Sources */,
				C776FFF029607F4A00E2ABD9 /* StocksListApp.swift in Sources */,
				C776000A2960823C00E2ABD9 /* Error.swift in Sources */,
				C70540542965E02700D04737 /* Array+Ext.swift in Sources */,
				C78CB3CF2964774C000F03E0 /* StocksRepository.swift in Sources */,
				C776001829608D9500E2ABD9 /* HTTPRequest.swift in Sources */,
				C776001429608D4C00E2ABD9 /* HTTPMethod.swift in Sources */,
				C793F2B929662A20006CBA9C /* CoreDataContextProviding.swift in Sources */,
				C77600032960812400E2ABD9 /* WatchlistInteractor.swift in Sources */,
				C78CB3E82964DE41000F03E0 /* StockSearchCell.swift in Sources */,
				C705404B2965A76E00D04737 /* PersistenceController.swift in Sources */,
			);
			runOnlyForDeploymentPostprocessing = 0;
		};
/* End PBXSourcesBuildPhase section */

/* Begin PBXTargetDependency section */
		C776002929609A4F00E2ABD9 /* PBXTargetDependency */ = {
			isa = PBXTargetDependency;
			target = C776FFEB29607F4A00E2ABD9 /* StocksList */;
			targetProxy = C776002829609A4F00E2ABD9 /* PBXContainerItemProxy */;
		};
/* End PBXTargetDependency section */

/* Begin XCBuildConfiguration section */
		C776002B29609A4F00E2ABD9 /* Debug */ = {
			isa = XCBuildConfiguration;
			buildSettings = {
				BUNDLE_LOADER = "$(TEST_HOST)";
				CODE_SIGN_STYLE = Automatic;
				CURRENT_PROJECT_VERSION = 1;
				GENERATE_INFOPLIST_FILE = YES;
				INFOPLIST_KEY_LSApplicationCategoryType = "";
				MARKETING_VERSION = 1.0;
				PRODUCT_BUNDLE_IDENTIFIER = "com.geo-games.StocksListTests";
				PRODUCT_NAME = "$(TARGET_NAME)";
				SWIFT_EMIT_LOC_STRINGS = NO;
				SWIFT_VERSION = 5.0;
				TARGETED_DEVICE_FAMILY = "1,2";
				TEST_HOST = "$(BUILT_PRODUCTS_DIR)/StocksList.app/$(BUNDLE_EXECUTABLE_FOLDER_PATH)/StocksList";
			};
			name = Debug;
		};
		C776002C29609A4F00E2ABD9 /* Release */ = {
			isa = XCBuildConfiguration;
			buildSettings = {
				BUNDLE_LOADER = "$(TEST_HOST)";
				CODE_SIGN_STYLE = Automatic;
				CURRENT_PROJECT_VERSION = 1;
				GENERATE_INFOPLIST_FILE = YES;
				INFOPLIST_KEY_LSApplicationCategoryType = "";
				MARKETING_VERSION = 1.0;
				PRODUCT_BUNDLE_IDENTIFIER = "com.geo-games.StocksListTests";
				PRODUCT_NAME = "$(TARGET_NAME)";
				SWIFT_EMIT_LOC_STRINGS = NO;
				SWIFT_VERSION = 5.0;
				TARGETED_DEVICE_FAMILY = "1,2";
				TEST_HOST = "$(BUILT_PRODUCTS_DIR)/StocksList.app/$(BUNDLE_EXECUTABLE_FOLDER_PATH)/StocksList";
			};
			name = Release;
		};
		C776FFF829607F4C00E2ABD9 /* Debug */ = {
			isa = XCBuildConfiguration;
			buildSettings = {
				ALWAYS_SEARCH_USER_PATHS = NO;
				CLANG_ANALYZER_NONNULL = YES;
				CLANG_ANALYZER_NUMBER_OBJECT_CONVERSION = YES_AGGRESSIVE;
				CLANG_CXX_LANGUAGE_STANDARD = "gnu++20";
				CLANG_ENABLE_MODULES = YES;
				CLANG_ENABLE_OBJC_ARC = YES;
				CLANG_ENABLE_OBJC_WEAK = YES;
				CLANG_WARN_BLOCK_CAPTURE_AUTORELEASING = YES;
				CLANG_WARN_BOOL_CONVERSION = YES;
				CLANG_WARN_COMMA = YES;
				CLANG_WARN_CONSTANT_CONVERSION = YES;
				CLANG_WARN_DEPRECATED_OBJC_IMPLEMENTATIONS = YES;
				CLANG_WARN_DIRECT_OBJC_ISA_USAGE = YES_ERROR;
				CLANG_WARN_DOCUMENTATION_COMMENTS = YES;
				CLANG_WARN_EMPTY_BODY = YES;
				CLANG_WARN_ENUM_CONVERSION = YES;
				CLANG_WARN_INFINITE_RECURSION = YES;
				CLANG_WARN_INT_CONVERSION = YES;
				CLANG_WARN_NON_LITERAL_NULL_CONVERSION = YES;
				CLANG_WARN_OBJC_IMPLICIT_RETAIN_SELF = YES;
				CLANG_WARN_OBJC_LITERAL_CONVERSION = YES;
				CLANG_WARN_OBJC_ROOT_CLASS = YES_ERROR;
				CLANG_WARN_QUOTED_INCLUDE_IN_FRAMEWORK_HEADER = YES;
				CLANG_WARN_RANGE_LOOP_ANALYSIS = YES;
				CLANG_WARN_STRICT_PROTOTYPES = YES;
				CLANG_WARN_SUSPICIOUS_MOVE = YES;
				CLANG_WARN_UNGUARDED_AVAILABILITY = YES_AGGRESSIVE;
				CLANG_WARN_UNREACHABLE_CODE = YES;
				CLANG_WARN__DUPLICATE_METHOD_MATCH = YES;
				COPY_PHASE_STRIP = NO;
				DEBUG_INFORMATION_FORMAT = dwarf;
				ENABLE_STRICT_OBJC_MSGSEND = YES;
				ENABLE_TESTABILITY = YES;
				GCC_C_LANGUAGE_STANDARD = gnu11;
				GCC_DYNAMIC_NO_PIC = NO;
				GCC_NO_COMMON_BLOCKS = YES;
				GCC_OPTIMIZATION_LEVEL = 0;
				GCC_PREPROCESSOR_DEFINITIONS = (
					"DEBUG=1",
					"$(inherited)",
				);
				GCC_WARN_64_TO_32_BIT_CONVERSION = YES;
				GCC_WARN_ABOUT_RETURN_TYPE = YES_ERROR;
				GCC_WARN_UNDECLARED_SELECTOR = YES;
				GCC_WARN_UNINITIALIZED_AUTOS = YES_AGGRESSIVE;
				GCC_WARN_UNUSED_FUNCTION = YES;
				GCC_WARN_UNUSED_VARIABLE = YES;
				IPHONEOS_DEPLOYMENT_TARGET = 16.2;
				MTL_ENABLE_DEBUG_INFO = INCLUDE_SOURCE;
				MTL_FAST_MATH = YES;
				ONLY_ACTIVE_ARCH = YES;
				SDKROOT = iphoneos;
				SWIFT_ACTIVE_COMPILATION_CONDITIONS = DEBUG;
				SWIFT_OPTIMIZATION_LEVEL = "-Onone";
			};
			name = Debug;
		};
		C776FFF929607F4C00E2ABD9 /* Release */ = {
			isa = XCBuildConfiguration;
			buildSettings = {
				ALWAYS_SEARCH_USER_PATHS = NO;
				CLANG_ANALYZER_NONNULL = YES;
				CLANG_ANALYZER_NUMBER_OBJECT_CONVERSION = YES_AGGRESSIVE;
				CLANG_CXX_LANGUAGE_STANDARD = "gnu++20";
				CLANG_ENABLE_MODULES = YES;
				CLANG_ENABLE_OBJC_ARC = YES;
				CLANG_ENABLE_OBJC_WEAK = YES;
				CLANG_WARN_BLOCK_CAPTURE_AUTORELEASING = YES;
				CLANG_WARN_BOOL_CONVERSION = YES;
				CLANG_WARN_COMMA = YES;
				CLANG_WARN_CONSTANT_CONVERSION = YES;
				CLANG_WARN_DEPRECATED_OBJC_IMPLEMENTATIONS = YES;
				CLANG_WARN_DIRECT_OBJC_ISA_USAGE = YES_ERROR;
				CLANG_WARN_DOCUMENTATION_COMMENTS = YES;
				CLANG_WARN_EMPTY_BODY = YES;
				CLANG_WARN_ENUM_CONVERSION = YES;
				CLANG_WARN_INFINITE_RECURSION = YES;
				CLANG_WARN_INT_CONVERSION = YES;
				CLANG_WARN_NON_LITERAL_NULL_CONVERSION = YES;
				CLANG_WARN_OBJC_IMPLICIT_RETAIN_SELF = YES;
				CLANG_WARN_OBJC_LITERAL_CONVERSION = YES;
				CLANG_WARN_OBJC_ROOT_CLASS = YES_ERROR;
				CLANG_WARN_QUOTED_INCLUDE_IN_FRAMEWORK_HEADER = YES;
				CLANG_WARN_RANGE_LOOP_ANALYSIS = YES;
				CLANG_WARN_STRICT_PROTOTYPES = YES;
				CLANG_WARN_SUSPICIOUS_MOVE = YES;
				CLANG_WARN_UNGUARDED_AVAILABILITY = YES_AGGRESSIVE;
				CLANG_WARN_UNREACHABLE_CODE = YES;
				CLANG_WARN__DUPLICATE_METHOD_MATCH = YES;
				COPY_PHASE_STRIP = NO;
				DEBUG_INFORMATION_FORMAT = "dwarf-with-dsym";
				ENABLE_NS_ASSERTIONS = NO;
				ENABLE_STRICT_OBJC_MSGSEND = YES;
				GCC_C_LANGUAGE_STANDARD = gnu11;
				GCC_NO_COMMON_BLOCKS = YES;
				GCC_WARN_64_TO_32_BIT_CONVERSION = YES;
				GCC_WARN_ABOUT_RETURN_TYPE = YES_ERROR;
				GCC_WARN_UNDECLARED_SELECTOR = YES;
				GCC_WARN_UNINITIALIZED_AUTOS = YES_AGGRESSIVE;
				GCC_WARN_UNUSED_FUNCTION = YES;
				GCC_WARN_UNUSED_VARIABLE = YES;
				IPHONEOS_DEPLOYMENT_TARGET = 16.2;
				MTL_ENABLE_DEBUG_INFO = NO;
				MTL_FAST_MATH = YES;
				SDKROOT = iphoneos;
				SWIFT_COMPILATION_MODE = wholemodule;
				SWIFT_OPTIMIZATION_LEVEL = "-O";
				VALIDATE_PRODUCT = YES;
			};
			name = Release;
		};
		C776FFFB29607F4C00E2ABD9 /* Debug */ = {
			isa = XCBuildConfiguration;
			buildSettings = {
				ASSETCATALOG_COMPILER_APPICON_NAME = AppIcon;
				ASSETCATALOG_COMPILER_GLOBAL_ACCENT_COLOR_NAME = AccentColor;
				CODE_SIGN_STYLE = Automatic;
				CURRENT_PROJECT_VERSION = 1;
				DEVELOPMENT_ASSET_PATHS = "\"StocksList/Preview Content\"";
				ENABLE_PREVIEWS = YES;
				GENERATE_INFOPLIST_FILE = YES;
				INFOPLIST_FILE = StocksList/Resources/Info.plist;
				INFOPLIST_KEY_UIApplicationSupportsIndirectInputEvents = YES;
				INFOPLIST_KEY_UILaunchScreen_Generation = YES;
				INFOPLIST_KEY_UISupportedInterfaceOrientations_iPad = "UIInterfaceOrientationPortrait UIInterfaceOrientationPortraitUpsideDown UIInterfaceOrientationLandscapeLeft UIInterfaceOrientationLandscapeRight";
				INFOPLIST_KEY_UISupportedInterfaceOrientations_iPhone = "UIInterfaceOrientationPortrait UIInterfaceOrientationLandscapeLeft UIInterfaceOrientationLandscapeRight";
				LD_RUNPATH_SEARCH_PATHS = (
					"$(inherited)",
					"@executable_path/Frameworks",
				);
				MARKETING_VERSION = 1.0;
				PRODUCT_BUNDLE_IDENTIFIER = "com.geo-games.StocksList";
				PRODUCT_NAME = "$(TARGET_NAME)";
				SWIFT_EMIT_LOC_STRINGS = YES;
				SWIFT_VERSION = 5.0;
				TARGETED_DEVICE_FAMILY = "1,2";
			};
			name = Debug;
		};
		C776FFFC29607F4C00E2ABD9 /* Release */ = {
			isa = XCBuildConfiguration;
			buildSettings = {
				ASSETCATALOG_COMPILER_APPICON_NAME = AppIcon;
				ASSETCATALOG_COMPILER_GLOBAL_ACCENT_COLOR_NAME = AccentColor;
				CODE_SIGN_STYLE = Automatic;
				CURRENT_PROJECT_VERSION = 1;
				DEVELOPMENT_ASSET_PATHS = "\"StocksList/Preview Content\"";
				ENABLE_PREVIEWS = YES;
				GENERATE_INFOPLIST_FILE = YES;
				INFOPLIST_FILE = StocksList/Resources/Info.plist;
				INFOPLIST_KEY_UIApplicationSupportsIndirectInputEvents = YES;
				INFOPLIST_KEY_UILaunchScreen_Generation = YES;
				INFOPLIST_KEY_UISupportedInterfaceOrientations_iPad = "UIInterfaceOrientationPortrait UIInterfaceOrientationPortraitUpsideDown UIInterfaceOrientationLandscapeLeft UIInterfaceOrientationLandscapeRight";
				INFOPLIST_KEY_UISupportedInterfaceOrientations_iPhone = "UIInterfaceOrientationPortrait UIInterfaceOrientationLandscapeLeft UIInterfaceOrientationLandscapeRight";
				LD_RUNPATH_SEARCH_PATHS = (
					"$(inherited)",
					"@executable_path/Frameworks",
				);
				MARKETING_VERSION = 1.0;
				PRODUCT_BUNDLE_IDENTIFIER = "com.geo-games.StocksList";
				PRODUCT_NAME = "$(TARGET_NAME)";
				SWIFT_EMIT_LOC_STRINGS = YES;
				SWIFT_VERSION = 5.0;
				TARGETED_DEVICE_FAMILY = "1,2";
			};
			name = Release;
		};
/* End XCBuildConfiguration section */

/* Begin XCConfigurationList section */
		C776002A29609A4F00E2ABD9 /* Build configuration list for PBXNativeTarget "StocksListTests" */ = {
			isa = XCConfigurationList;
			buildConfigurations = (
				C776002B29609A4F00E2ABD9 /* Debug */,
				C776002C29609A4F00E2ABD9 /* Release */,
			);
			defaultConfigurationIsVisible = 0;
			defaultConfigurationName = Release;
		};
		C776FFE729607F4A00E2ABD9 /* Build configuration list for PBXProject "StocksList" */ = {
			isa = XCConfigurationList;
			buildConfigurations = (
				C776FFF829607F4C00E2ABD9 /* Debug */,
				C776FFF929607F4C00E2ABD9 /* Release */,
			);
			defaultConfigurationIsVisible = 0;
			defaultConfigurationName = Release;
		};
		C776FFFA29607F4C00E2ABD9 /* Build configuration list for PBXNativeTarget "StocksList" */ = {
			isa = XCConfigurationList;
			buildConfigurations = (
				C776FFFB29607F4C00E2ABD9 /* Debug */,
				C776FFFC29607F4C00E2ABD9 /* Release */,
			);
			defaultConfigurationIsVisible = 0;
			defaultConfigurationName = Release;
		};
/* End XCConfigurationList section */

/* Begin XCVersionGroup section */
		C70540472965A67800D04737 /* StockDataModel.xcdatamodeld */ = {
			isa = XCVersionGroup;
			children = (
				C70540482965A67800D04737 /* StockDataModel.xcdatamodel */,
			);
			currentVersion = C70540482965A67800D04737 /* StockDataModel.xcdatamodel */;
			path = StockDataModel.xcdatamodeld;
			sourceTree = "<group>";
			versionGroupType = wrapper.xcdatamodel;
		};
/* End XCVersionGroup section */
	};
	rootObject = C776FFE429607F4A00E2ABD9 /* Project object */;
}
